{
  "name": "Friday",
  "version": "0.0.1",
  "lockfileVersion": 1,
  "requires": true,
  "dependencies": {
    "@angular/common": {
      "version": "5.0.3",
      "resolved": "https://registry.npmjs.org/@angular/common/-/common-5.0.3.tgz",
      "integrity": "sha1-mwuHTgyMsIjXx94q9ywsPz69ALs="
    },
    "@angular/compiler": {
      "version": "5.0.3",
      "resolved": "https://registry.npmjs.org/@angular/compiler/-/compiler-5.0.3.tgz",
      "integrity": "sha1-RYF8mjKxsQPAMHsPVWYPUw9KBqo="
    },
    "@angular/compiler-cli": {
      "version": "5.0.3",
      "resolved": "https://registry.npmjs.org/@angular/compiler-cli/-/compiler-cli-5.0.3.tgz",
      "integrity": "sha1-gg/pX1ZTwUGK2aycqegZqHnM5K4="
    },
    "@angular/core": {
      "version": "5.0.3",
      "resolved": "https://registry.npmjs.org/@angular/core/-/core-5.0.3.tgz",
      "integrity": "sha1-JWZAD2cTvxw59+ALwDpjKAqH5ms="
    },
    "@angular/forms": {
      "version": "5.0.3",
      "resolved": "https://registry.npmjs.org/@angular/forms/-/forms-5.0.3.tgz",
      "integrity": "sha1-IH+Swr2JZg3aWFjvWNHqwfLK8ac="
    },
    "@angular/http": {
      "version": "5.0.3",
      "resolved": "https://registry.npmjs.org/@angular/http/-/http-5.0.3.tgz",
      "integrity": "sha1-o7mkJHxLd0VuSVSWVdTB0YWeB10="
    },
    "@angular/platform-browser": {
      "version": "5.0.3",
      "resolved": "https://registry.npmjs.org/@angular/platform-browser/-/platform-browser-5.0.3.tgz",
      "integrity": "sha1-SshyQEoqgWLdKKWxZCOLdr9eEmE="
    },
    "@angular/platform-browser-dynamic": {
      "version": "5.0.3",
      "resolved": "https://registry.npmjs.org/@angular/platform-browser-dynamic/-/platform-browser-dynamic-5.0.3.tgz",
      "integrity": "sha1-vm3PA6BPpRxqBIS0Dl8afX5UzIc="
    },
    "@ionic-native/autostart": {
      "version": "4.5.2",
      "resolved": "https://registry.npmjs.org/@ionic-native/autostart/-/autostart-4.5.2.tgz",
      "integrity": "sha512-YXrRi/bzpG4T8Jdx9ZOyA/DmC6Ao4hs7ist2fO9FUv9hW/NVzQQA4ZnT7jD8Jn1fZ/NMsvrle0TmotykIwCTlQ=="
    },
    "@ionic-native/background-mode": {
      "version": "4.5.2",
      "resolved": "https://registry.npmjs.org/@ionic-native/background-mode/-/background-mode-4.5.2.tgz",
      "integrity": "sha512-ls2owrWUGM6oHJpODuAO79jB5pDrKS6FolQKaILwgP1Sf41YrWl1vZcjIjG6xTuFItIvaifmbRlYCZwrgHg41A=="
    },
    "@ionic-native/battery-status": {
      "version": "4.5.2",
      "resolved": "https://registry.npmjs.org/@ionic-native/battery-status/-/battery-status-4.5.2.tgz",
      "integrity": "sha512-YcN1khWSyM3Hi6m0En+dLU4QLCd5hbBQVZsyQKddAtBIJ57tfC2UHePhM6RR3b67jcf7f8wuxvYaUVON860W5w=="
    },
    "@ionic-native/browser-tab": {
      "version": "4.5.2",
      "resolved": "https://registry.npmjs.org/@ionic-native/browser-tab/-/browser-tab-4.5.2.tgz",
      "integrity": "sha512-cfI9xWih96cG3sX+3q3H1TY7XpXKrwYusbPeH7zoD4LLrwBskSYPO3SCTI1RsxZl2yMlLkNNAEZ4JTjNwn/HOg=="
    },
    "@ionic-native/call-number": {
      "version": "4.5.2",
      "resolved": "https://registry.npmjs.org/@ionic-native/call-number/-/call-number-4.5.2.tgz",
      "integrity": "sha512-lZzNRXgXLI7RCYCFSR3h06jfPW+H1cmZMwn5V5BqQfeWcaWGHBK4o/9xwNQsNvgd4iqoWk4Y9CzwpgyYgHIbxg=="
    },
    "@ionic-native/camera": {
      "version": "4.5.2",
      "resolved": "https://registry.npmjs.org/@ionic-native/camera/-/camera-4.5.2.tgz",
      "integrity": "sha512-sHvyGyCq84FvqNklkBXViUMR75twYhxxdN6P2FT3MgNY9bJ7Z1tZvs+YVqPF+nBbedXEXIeGbYYGbIJnUNLNGQ=="
    },
    "@ionic-native/contacts": {
      "version": "4.5.2",
      "resolved": "https://registry.npmjs.org/@ionic-native/contacts/-/contacts-4.5.2.tgz",
      "integrity": "sha512-6Qioo6OI/bjDRqt2FxPhKVDt2psZ5+3hHc++SaJTzItL/+wwxDM/KiS/ZhJ0G24/riSNAVLWdwVprKEb0FNVmg=="
    },
    "@ionic-native/core": {
      "version": "4.4.0",
      "resolved": "https://registry.npmjs.org/@ionic-native/core/-/core-4.4.0.tgz",
      "integrity": "sha512-Gyq8clDPeRG2AvcCydqDaYEByjIeJqWOryDkHl117wGUhZ+bY/489unL3u6ua7usGjWfUtM4Oj6hFgEzEu+kWg=="
    },
    "@ionic-native/device-motion": {
      "version": "4.5.2",
      "resolved": "https://registry.npmjs.org/@ionic-native/device-motion/-/device-motion-4.5.2.tgz",
      "integrity": "sha512-SVGUWdLLHHh65vZr/DeEugKv56BRVvzrxVT7xsvIPLNm1pF4mUDBJQaI6trr8aJGrs9KHbOPwyYQQJykbwPLMQ=="
    },
    "@ionic-native/flashlight": {
      "version": "4.5.2",
      "resolved": "https://registry.npmjs.org/@ionic-native/flashlight/-/flashlight-4.5.2.tgz",
      "integrity": "sha512-bTq6t2XOCKEZvO9TUaBbl4FRP+neouFOZ0g30ADa2NB1dvKwYlE6PpRppZM4JhVCO6X63Hft+j55iasNSGMogQ=="
    },
    "@ionic-native/geolocation": {
      "version": "4.5.2",
      "resolved": "https://registry.npmjs.org/@ionic-native/geolocation/-/geolocation-4.5.2.tgz",
      "integrity": "sha512-XCrUB1BJaGrzoWJ6rCQZSfslbRMiqB0ROU5XZOyYdg7Yf+DIX9o6qernDSRl9yHJ7c7QhI1XId6x5PHgZjNP/w=="
    },
    "@ionic-native/http": {
      "version": "4.5.2",
      "resolved": "https://registry.npmjs.org/@ionic-native/http/-/http-4.5.2.tgz",
      "integrity": "sha512-ygNnUrzJUmzeSiP761iQ5Muu7Aiw5lxvZYmQe+aPI19Y7zS3uayMZkj+lrDlUQq6+LqEqh9nGsJPMsjUEAGv5A=="
    },
    "@ionic-native/keyboard": {
      "version": "4.5.2",
      "resolved": "https://registry.npmjs.org/@ionic-native/keyboard/-/keyboard-4.5.2.tgz",
      "integrity": "sha512-n+8nYHnmJandmbNfwz8LGMzR5tE58jccQZPuMKF1mqrHSHeav6C2pK5L7yb34x8V66QT4xLsK6UWlUjyr+ujCQ=="
    },
    "@ionic-native/launch-navigator": {
      "version": "4.5.2",
      "resolved": "https://registry.npmjs.org/@ionic-native/launch-navigator/-/launch-navigator-4.5.2.tgz",
      "integrity": "sha512-uoplFD/W7o6r6XGgoZ0DZSBZNtUzgV65OM6oyFW5D6tbNTQTc+1HnLfnk5923vXtkvYphGykAWPkJamGT59qqQ=="
    },
    "@ionic-native/local-notifications": {
      "version": "4.5.2",
      "resolved": "https://registry.npmjs.org/@ionic-native/local-notifications/-/local-notifications-4.5.2.tgz",
      "integrity": "sha512-/O2hNsWW6ixlAPY9Tw6wfIIUmNOPmd11DcxCTQ5vR8+oGPyYPj3IXkgUCI/U29Y3hDikSxdWTI19FtCxnzYKNA=="
    },
    "@ionic-native/network": {
      "version": "4.5.2",
      "resolved": "https://registry.npmjs.org/@ionic-native/network/-/network-4.5.2.tgz",
      "integrity": "sha512-4tChqfuTLe7TJdKMyk0l5mZn6Fyvg8PyI8WvNaFtrTkRN/hFT6LaC6Qe5rSH2WFRzGxuYWZjh+uhCG6KOvwOCg=="
    },
    "@ionic-native/screenshot": {
      "version": "4.5.2",
      "resolved": "https://registry.npmjs.org/@ionic-native/screenshot/-/screenshot-4.5.2.tgz",
      "integrity": "sha512-D9D32JRnNHHLKm65/aDWtkdCSBmgYnDLif5CQ4aZB+cpexc4cuYAcylPQ/+xQq7nJcsWssmK0jklBClqbBe4Ug=="
    },
    "@ionic-native/sms": {
      "version": "4.5.2",
      "resolved": "https://registry.npmjs.org/@ionic-native/sms/-/sms-4.5.2.tgz",
      "integrity": "sha512-KTU4tfVrSrunv3VWOwNbfoHZI4RL32qQrFkbm49IzozYjpbQAxNVFWEDmccwjvBIBDKHUdgA4SNcoL3nO57r9g=="
    },
    "@ionic-native/speech-recognition": {
      "version": "4.5.2",
      "resolved": "https://registry.npmjs.org/@ionic-native/speech-recognition/-/speech-recognition-4.5.2.tgz",
      "integrity": "sha512-5MIULUwzrdDDItYtniYwKLc45QDFgB4L7Ak6FyXrfSk8YLwrjaV3pJYOCxJskSFW5YxS4WYw1TEJ5/Rbt4ty6Q=="
    },
    "@ionic-native/status-bar": {
      "version": "4.4.0",
      "resolved": "https://registry.npmjs.org/@ionic-native/status-bar/-/status-bar-4.4.0.tgz",
      "integrity": "sha512-ZLlIdNh9XpA+XrOJ+Bt0hHxxhpE/bLzv77CBLIYb7twYrsK4QU5d43PtCLQeOqBz7ZX2SPMea+84Kt4mrsY1gQ=="
    },
    "@ionic-native/text-to-speech": {
      "version": "4.5.2",
      "resolved": "https://registry.npmjs.org/@ionic-native/text-to-speech/-/text-to-speech-4.5.2.tgz",
      "integrity": "sha512-1INZV516V520CEhHQmKeya5b9fn6tgHxQhDURpriSOt8c9dg3Rqpq+iAWaIOPvzlHWNC7vAycf4FRFM66I9BOQ=="
    },
    "@ionic/app-scripts": {
      "version": "3.1.6",
      "resolved": "https://registry.npmjs.org/@ionic/app-scripts/-/app-scripts-3.1.6.tgz",
      "integrity": "sha512-PmtLRYKTw438BpZuxI6M/U2HeVIRddifF39aWsDJSU/uJilY0dQV9UYUcUKi3+0ZUYyWqdvu6RtwurpdSZjBJw==",
      "dev": true,
      "dependencies": {
        "source-map": {
          "version": "0.6.1",
          "resolved": "https://registry.npmjs.org/source-map/-/source-map-0.6.1.tgz",
          "integrity": "sha512-UjgapumWlbMhkBgzT7Ykc5YXUT46F0iKu8SGXq0bcwP5dz/h0Plj6enJqjz1Zbq2l5WaqYnrVbwWOWMyF3F47g=="
        }
      }
    },
    "@ionic/storage": {
      "version": "2.1.3",
      "resolved": "https://registry.npmjs.org/@ionic/storage/-/storage-2.1.3.tgz",
      "integrity": "sha512-/i3Vn2jNBqteAm5FuGCNei5oJlFQB2JYFkH3nR5f5i7X4kRz17XAsAKXVQjyR9wiye8HmxglIz05JsC92nYUjQ=="
    },
    "call-number": {
      "version": "1.0.1",
      "resolved": "https://registry.npmjs.org/call-number/-/call-number-1.0.1.tgz",
      "integrity": "sha1-v52q5If9alVz+JqjZV++ivA2r9I="
    },
    "com.darktalker.cordova.screenshot": {
      "version": "0.1.6",
      "resolved": "https://registry.npmjs.org/com.darktalker.cordova.screenshot/-/com.darktalker.cordova.screenshot-0.1.6.tgz",
      "integrity": "sha1-ZHpTRQ+WFyGbYyg/WGaF4nzblrM="
    },
    "cordova-android": {
      "version": "6.3.0",
      "resolved": "https://registry.npmjs.org/cordova-android/-/cordova-android-6.3.0.tgz",
      "integrity": "sha1-2lQYQz0lx1pZd7QoJEu+Q30BKNI=",
      "dependencies": {
        "abbrev": {
          "version": "1.1.0",
          "bundled": true
        },
        "ansi": {
          "version": "0.3.1",
          "bundled": true
        },
        "balanced-match": {
          "version": "1.0.0",
          "bundled": true
        },
        "base64-js": {
          "version": "0.0.8",
          "bundled": true
        },
        "big-integer": {
          "version": "1.6.25",
          "bundled": true
        },
        "bplist-parser": {
          "version": "0.1.1",
          "bundled": true
        },
        "brace-expansion": {
          "version": "1.1.8",
          "bundled": true
        },
        "concat-map": {
          "version": "0.0.1",
          "bundled": true
        },
        "cordova-common": {
          "version": "2.1.0",
          "bundled": true
        },
        "cordova-registry-mapper": {
          "version": "1.1.15",
          "bundled": true
        },
        "elementtree": {
          "version": "0.1.6",
          "bundled": true
        },
        "glob": {
          "version": "5.0.15",
          "bundled": true
        },
        "inflight": {
          "version": "1.0.6",
          "bundled": true
        },
        "inherits": {
          "version": "2.0.3",
          "bundled": true
        },
        "lodash": {
          "version": "3.10.1",
          "bundled": true
        },
        "minimatch": {
          "version": "3.0.4",
          "bundled": true
        },
        "nopt": {
          "version": "3.0.6",
          "bundled": true
        },
        "once": {
          "version": "1.4.0",
          "bundled": true
        },
        "os-homedir": {
          "version": "1.0.2",
          "bundled": true
        },
        "os-tmpdir": {
          "version": "1.0.2",
          "bundled": true
        },
        "osenv": {
          "version": "0.1.4",
          "bundled": true
        },
        "path-is-absolute": {
          "version": "1.0.1",
          "bundled": true
        },
        "plist": {
          "version": "1.2.0",
          "bundled": true
        },
        "properties-parser": {
          "version": "0.2.3",
          "bundled": true
        },
        "q": {
          "version": "1.5.0",
          "bundled": true
        },
        "sax": {
          "version": "0.3.5",
          "bundled": true
        },
        "semver": {
          "version": "5.4.1",
          "bundled": true
        },
        "shelljs": {
          "version": "0.5.3",
          "bundled": true
        },
        "underscore": {
          "version": "1.8.3",
          "bundled": true
        },
        "unorm": {
          "version": "1.4.1",
          "bundled": true
        },
        "util-deprecate": {
          "version": "1.0.2",
          "bundled": true
        },
        "wrappy": {
          "version": "1.0.2",
          "bundled": true
        },
        "xmlbuilder": {
          "version": "4.0.0",
          "bundled": true
        },
        "xmldom": {
          "version": "0.1.27",
          "bundled": true
        }
      }
    },
    "cordova-plugin-actionsheet": {
      "version": "2.3.3",
      "resolved": "https://registry.npmjs.org/cordova-plugin-actionsheet/-/cordova-plugin-actionsheet-2.3.3.tgz",
      "integrity": "sha1-6SYbLQBKjaQHOI1g31NMFWxS/xE="
    },
    "cordova-plugin-advanced-http": {
      "version": "1.9.1",
      "resolved": "https://registry.npmjs.org/cordova-plugin-advanced-http/-/cordova-plugin-advanced-http-1.9.1.tgz",
      "integrity": "sha1-NBZZ439xhaw2ebGgOWJdK1pvVws="
    },
    "cordova-plugin-autostart": {
      "version": "2.0.1",
      "resolved": "https://registry.npmjs.org/cordova-plugin-autostart/-/cordova-plugin-autostart-2.0.1.tgz",
      "integrity": "sha1-DLNxAcuLRxc1+OkX9xmYwoJt2jY="
    },
    "cordova-plugin-background-mode": {
      "version": "0.7.2",
      "resolved": "https://registry.npmjs.org/cordova-plugin-background-mode/-/cordova-plugin-background-mode-0.7.2.tgz",
      "integrity": "sha1-6vVjnAZahyMbPs91em4osQHQMy8="
    },
    "cordova-plugin-badge": {
      "version": "0.8.6",
      "resolved": "https://registry.npmjs.org/cordova-plugin-badge/-/cordova-plugin-badge-0.8.6.tgz",
      "integrity": "sha512-7Z5c/xeBgzqblrI6wk03ozrg37A4kef25krZlrJCa6WfJefDxt2LkeoMU2AiOaPkL8inRo61o00Bqe0+nrHlrg=="
    },
    "cordova-plugin-battery-status": {
      "version": "2.0.1",
      "resolved": "https://registry.npmjs.org/cordova-plugin-battery-status/-/cordova-plugin-battery-status-2.0.1.tgz",
      "integrity": "sha1-m/6dqpr5whPeL9ixEz+eC61TwEg="
    },
    "cordova-plugin-browsertab": {
      "version": "0.2.0",
      "resolved": "https://registry.npmjs.org/cordova-plugin-browsertab/-/cordova-plugin-browsertab-0.2.0.tgz",
      "integrity": "sha1-Hgf5hy4VRnpQ59FKc/79h0+u1ko="
    },
    "cordova-plugin-camera": {
      "version": "4.0.1",
      "resolved": "https://registry.npmjs.org/cordova-plugin-camera/-/cordova-plugin-camera-4.0.1.tgz",
      "integrity": "sha1-AYwg1vxPGUV2tlSPP2cTPf5ix/0="
    },
    "cordova-plugin-compat": {
      "version": "1.2.0",
      "resolved": "https://registry.npmjs.org/cordova-plugin-compat/-/cordova-plugin-compat-1.2.0.tgz",
      "integrity": "sha1-C8ZXVyduvZIMASzpIOJ0F3V2Nz4="
    },
    "cordova-plugin-contacts": {
      "version": "3.0.1",
      "resolved": "https://registry.npmjs.org/cordova-plugin-contacts/-/cordova-plugin-contacts-3.0.1.tgz",
      "integrity": "sha1-N6ravsk8mCwEo9zaDk8c+glqhKs="
    },
    "cordova-plugin-device": {
      "version": "1.1.4",
      "resolved": "https://registry.npmjs.org/cordova-plugin-device/-/cordova-plugin-device-1.1.4.tgz",
      "integrity": "sha1-1f50cSBp0D9tOG7wvTIbOr0NONw="
    },
    "cordova-plugin-dialogs": {
      "version": "2.0.1",
      "resolved": "https://registry.npmjs.org/cordova-plugin-dialogs/-/cordova-plugin-dialogs-2.0.1.tgz",
      "integrity": "sha1-N/7xUSWWyNXflUP7eHJFkPdn3PM="
    },
    "cordova-plugin-file": {
      "version": "6.0.1",
      "resolved": "https://registry.npmjs.org/cordova-plugin-file/-/cordova-plugin-file-6.0.1.tgz",
      "integrity": "sha1-SWBrjBWlaI1HKPkuSnMloGHeB/U="
    },
    "cordova-plugin-flashlight": {
      "version": "3.2.0",
      "resolved": "https://registry.npmjs.org/cordova-plugin-flashlight/-/cordova-plugin-flashlight-3.2.0.tgz",
      "integrity": "sha1-0JpAzjCtNqnwBAUBJLboFSgfu7I="
    },
    "cordova-plugin-geolocation": {
      "version": "4.0.1",
      "resolved": "https://registry.npmjs.org/cordova-plugin-geolocation/-/cordova-plugin-geolocation-4.0.1.tgz",
      "integrity": "sha1-RwP6ZJ0kBdJamnMsmev4aHVKLAQ="
    },
    "cordova-plugin-ionic-webview": {
      "version": "2.2.0",
      "resolved": "https://registry.npmjs.org/cordova-plugin-ionic-webview/-/cordova-plugin-ionic-webview-2.2.0.tgz",
      "integrity": "sha512-mNTJaIRsz83Vntk2d3jrPCnlqEPQsfOJW6U2AzS7WV1T15Jj/STdXI/Uv1vIyvPVd9h1OLF+yu64ZsmQH2VRMQ=="
    },
    "cordova-plugin-local-notification": {
      "version": "0.9.0-beta.2",
      "resolved": "https://registry.npmjs.org/cordova-plugin-local-notification/-/cordova-plugin-local-notification-0.9.0-beta.2.tgz",
      "integrity": "sha512-63n77K1pt8dnbWnNR8QWETi9Glezi1bvNHvHWmGNIOv0xCb0phZnm+Ku49BQ+omwe8Z5voMvrA4I03SYPpv38w=="
    },
    "cordova-plugin-network-information": {
      "version": "2.0.1",
      "resolved": "https://registry.npmjs.org/cordova-plugin-network-information/-/cordova-plugin-network-information-2.0.1.tgz",
      "integrity": "sha1-6QQh9DDGq3bUCSI/Jfzvu7zhdpA="
    },
    "cordova-plugin-speechrecognition": {
      "version": "1.2.0",
      "resolved": "https://registry.npmjs.org/cordova-plugin-speechrecognition/-/cordova-plugin-speechrecognition-1.2.0.tgz",
      "integrity": "sha1-AF8QyJb9kpPYWH/lUiorZC3qlwo="
    },
    "cordova-plugin-tts": {
      "version": "0.2.3",
      "resolved": "https://registry.npmjs.org/cordova-plugin-tts/-/cordova-plugin-tts-0.2.3.tgz",
      "integrity": "sha1-xXQ/bG8lHoy0vEXdM9QamiKZcoc="
    },
    "cordova-plugin-whitelist": {
      "version": "1.3.1",
      "resolved": "https://registry.npmjs.org/cordova-plugin-whitelist/-/cordova-plugin-whitelist-1.3.1.tgz",
      "integrity": "sha1-n9Hbf9bJVpUdNHcc3Nl/Zs7VFt8="
    },
    "cordova-sms-plugin": {
      "version": "0.1.11",
      "resolved": "https://registry.npmjs.org/cordova-sms-plugin/-/cordova-sms-plugin-0.1.11.tgz",
      "integrity": "sha1-Lat6Qyw+6LvXxK3ILUBdDjQxMt8="
    },
    "ionic-angular": {
      "version": "3.9.2",
      "resolved": "https://registry.npmjs.org/ionic-angular/-/ionic-angular-3.9.2.tgz",
      "integrity": "sha512-BEZ6magY1i5GwM9ki/MOpszUz62+g518HsGICtw9TE1D4v9Eb6n/o7e+X0vtvpK4TdouFjQ8r5XA9VPAKW9/+Q=="
    },
    "ionicons": {
      "version": "3.0.0",
      "resolved": "https://registry.npmjs.org/ionicons/-/ionicons-3.0.0.tgz",
      "integrity": "sha1-QLja9P16MRUL0AIWD2ZJbiKpjDw="
    },
    "mx.ferreyra.callnumber": {
      "version": "0.0.2",
      "resolved": "https://registry.npmjs.org/mx.ferreyra.callnumber/-/mx.ferreyra.callnumber-0.0.2.tgz",
      "integrity": "sha512-J9FJiMrfWG9Q8AQEz/cgYLcXTTD/Z5+vfq29hn8K7yVWjxkSzr7zFi7Dpn8wcv2iKHBHDJY+U0z8yoAzDugXMw=="
    },
    "rxjs": {
      "version": "5.5.2",
      "resolved": "https://registry.npmjs.org/rxjs/-/rxjs-5.5.2.tgz",
      "integrity": "sha512-oRYoIKWBU3Ic37fLA5VJu31VqQO4bWubRntcHSJ+cwaDQBwdnZ9x4zmhJfm/nFQ2E82/I4loSioHnACamrKGgA=="
    },
    "sw-toolbox": {
      "version": "3.6.0",
      "resolved": "https://registry.npmjs.org/sw-toolbox/-/sw-toolbox-3.6.0.tgz",
      "integrity": "sha1-Jt8dHHA0hljk3qKIQxkUm3sxg7U="
    },
    "typescript": {
      "version": "2.4.2",
      "resolved": "https://registry.npmjs.org/typescript/-/typescript-2.4.2.tgz",
      "integrity": "sha1-+DlfhdRZJ2BnyYiqQYN6j4KHCEQ=",
      "dev": true
    },
    "uk.co.workingedge.phonegap.plugin.launchnavigator": {
      "version": "4.1.3",
      "resolved": "https://registry.npmjs.org/uk.co.workingedge.phonegap.plugin.launchnavigator/-/uk.co.workingedge.phonegap.plugin.launchnavigator-4.1.3.tgz",
      "integrity": "sha1-Esdtyny5gmaUo4hMKIWdmach/zU="
    },
    "zone.js": {
      "version": "0.8.18",
      "resolved": "https://registry.npmjs.org/zone.js/-/zone.js-0.8.18.tgz",
      "integrity": "sha512-knKOBQM0oea3/x9pdyDuDi7RhxDlJhOIkeixXSiTKWLgs4LpK37iBc+1HaHwzlciHUKT172CymJFKo8Xgh+44Q=="
    }
  }
}
